
Microsoft Visual Studio Solution File, Format Version 12.00
# Visual Studio Version 17
VisualStudioVersion = 17.8.34205.153
MinimumVisualStudioVersion = 10.0.40219.1
Project("{FAE04EC0-301F-11D3-BF4B-00C04F79EFBC}") = "ConsoleTcpTickTackToe", "ConsoleTcpTickTackToe\ConsoleTcpTickTackToe.csproj", "{AEF6A477-D195-4D99-8372-5A6E4DB50EF8}"
EndProject
Project("{FAE04EC0-301F-11D3-BF4B-00C04F79EFBC}") = "ConsoleTcpTickTackServer", "ConsoleTcpTickTackServer\ConsoleTcpTickTackServer.csproj", "{798FEC5C-39FE-45A1-97C8-3ED8D156F496}"
EndProject
Global
	GlobalSection(SolutionConfigurationPlatforms) = preSolution
		Debug|Any CPU = Debug|Any CPU
		Release|Any CPU = Release|Any CPU
	EndGlobalSection
	GlobalSection(ProjectConfigurationPlatforms) = postSolution
		{AEF6A477-D195-4D99-8372-5A6E4DB50EF8}.Debug|Any CPU.ActiveCfg = Debug|Any CPU
		{AEF6A477-D195-4D99-8372-5A6E4DB50EF8}.Debug|Any CPU.Build.0 = Debug|Any CPU
		{AEF6A477-D195-4D99-8372-5A6E4DB50EF8}.Release|Any CPU.ActiveCfg = Release|Any CPU
		{AEF6A477-D195-4D99-8372-5A6E4DB50EF8}.Release|Any CPU.Build.0 = Release|Any CPU
		{798FEC5C-39FE-45A1-97C8-3ED8D156F496}.Debug|Any CPU.ActiveCfg = Debug|Any CPU
		{798FEC5C-39FE-45A1-97C8-3ED8D156F496}.Debug|Any CPU.Build.0 = Debug|Any CPU
		{798FEC5C-39FE-45A1-97C8-3ED8D156F496}.Release|Any CPU.ActiveCfg = Release|Any CPU
		{798FEC5C-39FE-45A1-97C8-3ED8D156F496}.Release|Any CPU.Build.0 = Release|Any CPU
	EndGlobalSection
	GlobalSection(SolutionProperties) = preSolution
		HideSolutionNode = FALSE
	EndGlobalSection
	GlobalSection(ExtensibilityGlobals) = postSolution
		SolutionGuid = {3F67F0A6-DEFF-4E81-8BDF-AEE501FDE459}
	EndGlobalSection
EndGlobal
